
Microsoft Visual Studio Solution File, Format Version 12.00
# Visual Studio Version 17
VisualStudioVersion = 17.12.35506.116 d17.12
MinimumVisualStudioVersion = 10.0.40219.1
Project("{FAE04EC0-301F-11D3-BF4B-00C04F79EFBC}") = "Списивцева варвара Практическая 5 зд 1", "Списивцева варвара Практическая 5 зд 1.csproj", "{82337097-C5C0-45CC-ABF4-82892ACFB61B}"
EndProject
Global
	GlobalSection(SolutionConfigurationPlatforms) = preSolution
		Debug|Any CPU = Debug|Any CPU
		Release|Any CPU = Release|Any CPU
	EndGlobalSection
	GlobalSection(ProjectConfigurationPlatforms) = postSolution
		{82337097-C5C0-45CC-ABF4-82892ACFB61B}.Debug|Any CPU.ActiveCfg = Debug|Any CPU
		{82337097-C5C0-45CC-ABF4-82892ACFB61B}.Debug|Any CPU.Build.0 = Debug|Any CPU
		{82337097-C5C0-45CC-ABF4-82892ACFB61B}.Release|Any CPU.ActiveCfg = Release|Any CPU
		{82337097-C5C0-45CC-ABF4-82892ACFB61B}.Release|Any CPU.Build.0 = Release|Any CPU
	EndGlobalSection
	GlobalSection(SolutionProperties) = preSolution
		HideSolutionNode = FALSE
	EndGlobalSection
EndGlobal
